<?xml version="1.0" encoding="utf-8"?>
<Project ToolsVersion="4.0" xmlns="http://schemas.microsoft.com/developer/msbuild/2003">
  <ItemGroup>
    <Filter Include="Source Files">
      <UniqueIdentifier>{0d332932-af4c-4448-9d0d-6396f433ff23}</UniqueIdentifier>
      <Extensions>cpp;c;cxx;def;odl;idl;hpj;bat;asm</Extensions>
    </Filter>
    <Filter Include="Header Files">
      <UniqueIdentifier>{5404b47a-f63b-4fd9-ba50-bd7f333deb81}</UniqueIdentifier>
      <Extensions>h;hpp;hxx;hm;inl;inc</Extensions>
    </Filter>
    <Filter Include="Resource Files">
      <UniqueIdentifier>{3ca0cb50-337a-4f99-b17a-1ba2be138af2}</UniqueIdentifier>
      <Extensions>rc;ico;cur;bmp;dlg;rc2;rct;bin;rgs;jpg;jpeg;jpe;manifest</Extensions>
    </Filter>
    <Filter Include="Common">
      <UniqueIdentifier>{94499325-0ad9-4b58-adcf-26e6ee033dc5}</UniqueIdentifier>
    </Filter>
  </ItemGroup>
  <ItemGroup>
    <ClCompile Include="ibTabCtrl.cpp">
      <Filter>Source Files</Filter>
    </ClCompile>
    <ClCompile Include="stdafx.cpp">
      <Filter>Source Files</Filter>
    </ClCompile>
    <ClCompile Include="TabPageClient.cpp">
      <Filter>Source Files</Filter>
    </ClCompile>
    <ClCompile Include="TabPageServer.cpp">
      <Filter>Source Files</Filter>
    </ClCompile>
    <ClCompile Include="..\Common\SocketHelper.cpp">
      <Filter>Common</Filter>
    </ClCompile>
    <ClCompile Include="..\Common\RegistryHelper.cpp">
      <Filter>Common</Filter>
    </ClCompile>
    <ClCompile Include="DeployTool.cpp">
      <Filter>Source Files</Filter>
    </ClCompile>
    <ClCompile Include="DeployToolDlg.cpp">
      <Filter>Source Files</Filter>
    </ClCompile>
    <ClCompile Include="DeployApp.cpp">
      <Filter>Source Files</Filter>
    </ClCompile>
    <ClCompile Include="DeployFile.cpp">
      <Filter>Source Files</Filter>
    </ClCompile>
    <ClCompile Include="DeployManager.cpp">
      <Filter>Source Files</Filter>
    </ClCompile>
  </ItemGroup>
  <ItemGroup>
    <ClInclude Include="Resource.h">
      <Filter>Header Files</Filter>
    </ClInclude>
    <ClInclude Include="ibTabCtrl.h">
      <Filter>Header Files</Filter>
    </ClInclude>
    <ClInclude Include="stdafx.h">
      <Filter>Header Files</Filter>
    </ClInclude>
    <ClInclude Include="TabPageClient.h">
      <Filter>Header Files</Filter>
    </ClInclude>
    <ClInclude Include="TabPageServer.h">
      <Filter>Header Files</Filter>
    </ClInclude>
    <ClInclude Include="..\Common\RegistryHelper.h">
      <Filter>Common</Filter>
    </ClInclude>
    <ClInclude Include="..\Common\SocketHelper.h">
      <Filter>Common</Filter>
    </ClInclude>
    <ClInclude Include="DeployTool.h">
      <Filter>Header Files</Filter>
    </ClInclude>
    <ClInclude Include="DeployToolDlg.h">
      <Filter>Header Files</Filter>
    </ClInclude>
    <ClInclude Include="DeployApp.h">
      <Filter>Header Files</Filter>
    </ClInclude>
    <ClInclude Include="DeployFile.h">
      <Filter>Header Files</Filter>
    </ClInclude>
    <ClInclude Include="DeployManager.h">
      <Filter>Header Files</Filter>
    </ClInclude>
  </ItemGroup>
  <ItemGroup>
    <Image Include="res\DeployTool.ico">
      <Filter>Resource Files</Filter>
    </Image>
    <Image Include="Images\TabIntro.bmp">
      <Filter>Resource Files</Filter>
    </Image>
  </ItemGroup>
  <ItemGroup>
    <Manifest Include="res\DeployTool.manifest">
      <Filter>Resource Files</Filter>
    </Manifest>
  </ItemGroup>
  <ItemGroup>
    <ResourceCompile Include="DeployTool.rc">
      <Filter>Resource Files</Filter>
    </ResourceCompile>
  </ItemGroup>
  <ItemGroup>
    <None Include="res\DeployTool.rc2">
      <Filter>Resource Files</Filter>
    </None>
  </ItemGroup>
</Project>